
Microsoft Visual Studio Solution File, Format Version 12.00
# Visual Studio Version 17
VisualStudioVersion = 17.1.32210.238
MinimumVisualStudioVersion = 10.0.40219.1
Project("{FAE04EC0-301F-11D3-BF4B-00C04F79EFBC}") = "Student Registration form", "Student Registration form\Student Registration form.csproj", "{11901295-589B-4073-B9A7-0C59A4B05FF1}"
EndProject
Global
	GlobalSection(SolutionConfigurationPlatforms) = preSolution
		Debug|Any CPU = Debug|Any CPU
		Release|Any CPU = Release|Any CPU
	EndGlobalSection
	GlobalSection(ProjectConfigurationPlatforms) = postSolution
		{11901295-589B-4073-B9A7-0C59A4B05FF1}.Debug|Any CPU.ActiveCfg = Debug|Any CPU
		{11901295-589B-4073-B9A7-0C59A4B05FF1}.Debug|Any CPU.Build.0 = Debug|Any CPU
		{11901295-589B-4073-B9A7-0C59A4B05FF1}.Release|Any CPU.ActiveCfg = Release|Any CPU
		{11901295-589B-4073-B9A7-0C59A4B05FF1}.Release|Any CPU.Build.0 = Release|Any CPU
	EndGlobalSection
	GlobalSection(SolutionProperties) = preSolution
		HideSolutionNode = FALSE
	EndGlobalSection
	GlobalSection(ExtensibilityGlobals) = postSolution
		SolutionGuid = {298EFB0A-3090-42F7-9F25-E9DC5DA9C656}
	EndGlobalSection
EndGlobal
